
Microsoft Visual Studio Solution File, Format Version 12.00
# Visual Studio Version 17
VisualStudioVersion = 17.8.34511.84
MinimumVisualStudioVersion = 10.0.40219.1
Project("{9A19103F-16F7-4668-BE54-9A1E7A4F7556}") = "Verisoft", "ConsoleApp9\Verisoft.csproj", "{F9E91E71-9148-4040-91E4-B4E154EB13F7}"
EndProject
Global
	GlobalSection(SolutionConfigurationPlatforms) = preSolution
		Debug|Any CPU = Debug|Any CPU
		Release|Any CPU = Release|Any CPU
	EndGlobalSection
	GlobalSection(ProjectConfigurationPlatforms) = postSolution
		{F9E91E71-9148-4040-91E4-B4E154EB13F7}.Debug|Any CPU.ActiveCfg = Debug|Any CPU
		{F9E91E71-9148-4040-91E4-B4E154EB13F7}.Debug|Any CPU.Build.0 = Debug|Any CPU
		{F9E91E71-9148-4040-91E4-B4E154EB13F7}.Release|Any CPU.ActiveCfg = Release|Any CPU
		{F9E91E71-9148-4040-91E4-B4E154EB13F7}.Release|Any CPU.Build.0 = Release|Any CPU
	EndGlobalSection
	GlobalSection(SolutionProperties) = preSolution
		HideSolutionNode = FALSE
	EndGlobalSection
	GlobalSection(ExtensibilityGlobals) = postSolution
		SolutionGuid = {361E8087-C7E7-4D35-B321-A516E5554286}
	EndGlobalSection
EndGlobal
